// !$*UTF8*$!
{
	archiveVersion = 1;
	classes = {
	};
	objectVersion = 77;
	objects = {

/* Begin PBXContainerItemProxy section */
		962240632D37913B0013FFA9 /* PBXContainerItemProxy */ = {
			isa = PBXContainerItemProxy;
			containerPortal = 962240492D37913A0013FFA9 /* Project object */;
			proxyType = 1;
			remoteGlobalIDString = 962240502D37913A0013FFA9;
			remoteInfo = macOSDemos;
		};
		9622406D2D37913B0013FFA9 /* PBXContainerItemProxy */ = {
			isa = PBXContainerItemProxy;
			containerPortal = 962240492D37913A0013FFA9 /* Project object */;
			proxyType = 1;
			remoteGlobalIDString = 962240502D37913A0013FFA9;
			remoteInfo = macOSDemos;
		};
/* End PBXContainerItemProxy section */

/* Begin PBXFileReference section */
		962240512D37913A0013FFA9 /* macOSDemos.app */ = {isa = PBXFileReference; explicitFileType = wrapper.application; includeInIndex = 0; path = macOSDemos.app; sourceTree = BUILT_PRODUCTS_DIR; };
		962240622D37913B0013FFA9 /* macOSDemosTests.xctest */ = {isa = PBXFileReference; explicitFileType = wrapper.cfbundle; includeInIndex = 0; path = macOSDemosTests.xctest; sourceTree = BUILT_PRODUCTS_DIR; };
		9622406C2D37913B0013FFA9 /* macOSDemosUITests.xctest */ = {isa = PBXFileReference; explicitFileType = wrapper.cfbundle; includeInIndex = 0; path = macOSDemosUITests.xctest; sourceTree = BUILT_PRODUCTS_DIR; };
/* End PBXFileReference section */

/* Begin PBXFileSystemSynchronizedRootGroup section */
		962240532D37913A0013FFA9 /* macOSDemos */ = {
			isa = PBXFileSystemSynchronizedRootGroup;
			path = macOSDemos;
			sourceTree = "<group>";
		};
		962240652D37913B0013FFA9 /* macOSDemosTests */ = {
			isa = PBXFileSystemSynchronizedRootGroup;
			path = macOSDemosTests;
			sourceTree = "<group>";
		};
		9622406F2D37913B0013FFA9 /* macOSDemosUITests */ = {
			isa = PBXFileSystemSynchronizedRootGroup;
			path = macOSDemosUITests;
			sourceTree = "<group>";
		};
/* End PBXFileSystemSynchronizedRootGroup section */

/* Begin PBXFrameworksBuildPhase section */
		9622404E2D37913A0013FFA9 /* Frameworks */ = {
			isa = PBXFrameworksBuildPhase;
			buildActionMask = 2147483647;
			files = (
			);
			runOnlyForDeploymentPostprocessing = 0;
		};
		9622405F2D37913B0013FFA9 /* Frameworks */ = {
			isa = PBXFrameworksBuildPhase;
			buildActionMask = 2147483647;
			files = (
			);
			runOnlyForDeploymentPostprocessing = 0;
		};
		962240692D37913B0013FFA9 /* Frameworks */ = {
			isa = PBXFrameworksBuildPhase;
			buildActionMask = 2147483647;
			files = (
			);
			runOnlyForDeploymentPostprocessing = 0;
		};
/* End PBXFrameworksBuildPhase section */

/* Begin PBXGroup section */
		962240482D37913A0013FFA9 = {
			isa = PBXGroup;
			children = (
				962240532D37913A0013FFA9 /* macOSDemos */,
				962240652D37913B0013FFA9 /* macOSDemosTests */,
				9622406F2D37913B0013FFA9 /* macOSDemosUITests */,
				962240522D37913A0013FFA9 /* Products */,
			);
			sourceTree = "<group>";
		};
		962240522D37913A0013FFA9 /* Products */ = {
			isa = PBXGroup;
			children = (
				962240512D37913A0013FFA9 /* macOSDemos.app */,
				962240622D37913B0013FFA9 /* macOSDemosTests.xctest */,
				9622406C2D37913B0013FFA9 /* macOSDemosUITests.xctest */,
			);
			name = Products;
			sourceTree = "<group>";
		};
/* End PBXGroup section */

/* Begin PBXNativeTarget section */
		962240502D37913A0013FFA9 /* macOSDemos */ = {
			isa = PBXNativeTarget;
			buildConfigurationList = 962240762D37913B0013FFA9 /* Build configuration list for PBXNativeTarget "macOSDemos" */;
			buildPhases = (
				9622404D2D37913A0013FFA9 /* Sources */,
				9622404E2D37913A0013FFA9 /* Frameworks */,
				9622404F2D37913A0013FFA9 /* Resources */,
			);
			buildRules = (
			);
			dependencies = (
			);
			fileSystemSynchronizedGroups = (
				962240532D37913A0013FFA9 /* macOSDemos */,
			);
			name = macOSDemos;
			packageProductDependencies = (
			);
			productName = macOSDemos;
			productReference = 962240512D37913A0013FFA9 /* macOSDemos.app */;
			productType = "com.apple.product-type.application";
		};
		962240612D37913B0013FFA9 /* macOSDemosTests */ = {
			isa = PBXNativeTarget;
			buildConfigurationList = 962240792D37913B0013FFA9 /* Build configuration list for PBXNativeTarget "macOSDemosTests" */;
			buildPhases = (
				9622405E2D37913B0013FFA9 /* Sources */,
				9622405F2D37913B0013FFA9 /* Frameworks */,
				962240602D37913B0013FFA9 /* Resources */,
			);
			buildRules = (
			);
			dependencies = (
				962240642D37913B0013FFA9 /* PBXTargetDependency */,
			);
			fileSystemSynchronizedGroups = (
				962240652D37913B0013FFA9 /* macOSDemosTests */,
			);
			name = macOSDemosTests;
			packageProductDependencies = (
			);
			productName = macOSDemosTests;
			productReference = 962240622D37913B0013FFA9 /* macOSDemosTests.xctest */;
			productType = "com.apple.product-type.bundle.unit-test";
		};
		9622406B2D37913B0013FFA9 /* macOSDemosUITests */ = {
			isa = PBXNativeTarget;
			buildConfigurationList = 9622407C2D37913B0013FFA9 /* Build configuration list for PBXNativeTarget "macOSDemosUITests" */;
			buildPhases = (
				962240682D37913B0013FFA9 /* Sources */,
				962240692D37913B0013FFA9 /* Frameworks */,
				9622406A2D37913B0013FFA9 /* Resources */,
			);
			buildRules = (
			);
			dependencies = (
				9622406E2D37913B0013FFA9 /* PBXTargetDependency */,
			);
			fileSystemSynchronizedGroups = (
				9622406F2D37913B0013FFA9 /* macOSDemosUITests */,
			);
			name = macOSDemosUITests;
			packageProductDependencies = (
			);
			productName = macOSDemosUITests;
			productReference = 9622406C2D37913B0013FFA9 /* macOSDemosUITests.xctest */;
			productType = "com.apple.product-type.bundle.ui-testing";
		};
/* End PBXNativeTarget section */

/* Begin PBXProject section */
		962240492D37913A0013FFA9 /* Project object */ = {
			isa = PBXProject;
			attributes = {
				BuildIndependentTargetsInParallel = 1;
				LastSwiftUpdateCheck = 1600;
				LastUpgradeCheck = 1600;
				TargetAttributes = {
					962240502D37913A0013FFA9 = {
						CreatedOnToolsVersion = 16.0;
					};
					962240612D37913B0013FFA9 = {
						CreatedOnToolsVersion = 16.0;
						TestTargetID = 962240502D37913A0013FFA9;
					};
					9622406B2D37913B0013FFA9 = {
						CreatedOnToolsVersion = 16.0;
						TestTargetID = 962240502D37913A0013FFA9;
					};
				};
			};
			buildConfigurationList = 9622404C2D37913A0013FFA9 /* Build configuration list for PBXProject "macOSDemos" */;
			developmentRegion = en;
			hasScannedForEncodings = 0;
			knownRegions = (
				en,
				Base,
			);
			mainGroup = 962240482D37913A0013FFA9;
			minimizedProjectReferenceProxies = 1;
			preferredProjectObjectVersion = 77;
			productRefGroup = 962240522D37913A0013FFA9 /* Products */;
			projectDirPath = "";
			projectRoot = "";
			targets = (
				962240502D37913A0013FFA9 /* macOSDemos */,
				962240612D37913B0013FFA9 /* macOSDemosTests */,
				9622406B2D37913B0013FFA9 /* macOSDemosUITests */,
			);
		};
/* End PBXProject section */

/* Begin PBXResourcesBuildPhase section */
		9622404F2D37913A0013FFA9 /* Resources */ = {
			isa = PBXResourcesBuildPhase;
			buildActionMask = 2147483647;
			files = (
			);
			runOnlyForDeploymentPostprocessing = 0;
		};
		962240602D37913B0013FFA9 /* Resources */ = {
			isa = PBXResourcesBuildPhase;
			buildActionMask = 2147483647;
			files = (
			);
			runOnlyForDeploymentPostprocessing = 0;
		};
		9622406A2D37913B0013FFA9 /* Resources */ = {
			isa = PBXResourcesBuildPhase;
			buildActionMask = 2147483647;
			files = (
			);
			runOnlyForDeploymentPostprocessing = 0;
		};
/* End PBXResourcesBuildPhase section */

/* Begin PBXSourcesBuildPhase section */
		9622404D2D37913A0013FFA9 /* Sources */ = {
			isa = PBXSourcesBuildPhase;
			buildActionMask = 2147483647;
			files = (
			);
			runOnlyForDeploymentPostprocessing = 0;
		};
		9622405E2D37913B0013FFA9 /* Sources */ = {
			isa = PBXSourcesBuildPhase;
			buildActionMask = 2147483647;
			files = (
			);
			runOnlyForDeploymentPostprocessing = 0;
		};
		962240682D37913B0013FFA9 /* Sources */ = {
			isa = PBXSourcesBuildPhase;
			buildActionMask = 2147483647;
			files = (
			);
			runOnlyForDeploymentPostprocessing = 0;
		};
/* End PBXSourcesBuildPhase section */

/* Begin PBXTargetDependency section */
		962240642D37913B0013FFA9 /* PBXTargetDependency */ = {
			isa = PBXTargetDependency;
			target = 962240502D37913A0013FFA9 /* macOSDemos */;
			targetProxy = 962240632D37913B0013FFA9 /* PBXContainerItemProxy */;
		};
		9622406E2D37913B0013FFA9 /* PBXTargetDependency */ = {
			isa = PBXTargetDependency;
			target = 962240502D37913A0013FFA9 /* macOSDemos */;
			targetProxy = 9622406D2D37913B0013FFA9 /* PBXContainerItemProxy */;
		};
/* End PBXTargetDependency section */

/* Begin XCBuildConfiguration section */
		962240742D37913B0013FFA9 /* Debug */ = {
			isa = XCBuildConfiguration;
			buildSettings = {
				ALWAYS_SEARCH_USER_PATHS = NO;
				ASSETCATALOG_COMPILER_GENERATE_SWIFT_ASSET_SYMBOL_EXTENSIONS = YES;
				CLANG_ANALYZER_NONNULL = YES;
				CLANG_ANALYZER_NUMBER_OBJECT_CONVERSION = YES_AGGRESSIVE;
				CLANG_CXX_LANGUAGE_STANDARD = "gnu++20";
				CLANG_ENABLE_MODULES = YES;
				CLANG_ENABLE_OBJC_ARC = YES;
				CLANG_ENABLE_OBJC_WEAK = YES;
				CLANG_WARN_BLOCK_CAPTURE_AUTORELEASING = YES;
				CLANG_WARN_BOOL_CONVERSION = YES;
				CLANG_WARN_COMMA = YES;
				CLANG_WARN_CONSTANT_CONVERSION = YES;
				CLANG_WARN_DEPRECATED_OBJC_IMPLEMENTATIONS = YES;
				CLANG_WARN_DIRECT_OBJC_ISA_USAGE = YES_ERROR;
				CLANG_WARN_DOCUMENTATION_COMMENTS = YES;
				CLANG_WARN_EMPTY_BODY = YES;
				CLANG_WARN_ENUM_CONVERSION = YES;
				CLANG_WARN_INFINITE_RECURSION = YES;
				CLANG_WARN_INT_CONVERSION = YES;
				CLANG_WARN_NON_LITERAL_NULL_CONVERSION = YES;
				CLANG_WARN_OBJC_IMPLICIT_RETAIN_SELF = YES;
				CLANG_WARN_OBJC_LITERAL_CONVERSION = YES;
				CLANG_WARN_OBJC_ROOT_CLASS = YES_ERROR;
				CLANG_WARN_QUOTED_INCLUDE_IN_FRAMEWORK_HEADER = YES;
				CLANG_WARN_RANGE_LOOP_ANALYSIS = YES;
				CLANG_WARN_STRICT_PROTOTYPES = YES;
				CLANG_WARN_SUSPICIOUS_MOVE = YES;
				CLANG_WARN_UNGUARDED_AVAILABILITY = YES_AGGRESSIVE;
				CLANG_WARN_UNREACHABLE_CODE = YES;
				CLANG_WARN__DUPLICATE_METHOD_MATCH = YES;
				COPY_PHASE_STRIP = NO;
				DEBUG_INFORMATION_FORMAT = dwarf;
				ENABLE_STRICT_OBJC_MSGSEND = YES;
				ENABLE_TESTABILITY = YES;
				ENABLE_USER_SCRIPT_SANDBOXING = YES;
				GCC_C_LANGUAGE_STANDARD = gnu17;
				GCC_DYNAMIC_NO_PIC = NO;
				GCC_NO_COMMON_BLOCKS = YES;
				GCC_OPTIMIZATION_LEVEL = 0;
				GCC_PREPROCESSOR_DEFINITIONS = (
					"DEBUG=1",
					"$(inherited)",
				);
				GCC_WARN_64_TO_32_BIT_CONVERSION = YES;
				GCC_WARN_ABOUT_RETURN_TYPE = YES_ERROR;
				GCC_WARN_UNDECLARED_SELECTOR = YES;
				GCC_WARN_UNINITIALIZED_AUTOS = YES_AGGRESSIVE;
				GCC_WARN_UNUSED_FUNCTION = YES;
				GCC_WARN_UNUSED_VARIABLE = YES;
				LOCALIZATION_PREFERS_STRING_CATALOGS = YES;
				MACOSX_DEPLOYMENT_TARGET = 15.0;
				MTL_ENABLE_DEBUG_INFO = INCLUDE_SOURCE;
				MTL_FAST_MATH = YES;
				ONLY_ACTIVE_ARCH = YES;
				SDKROOT = macosx;
				SWIFT_ACTIVE_COMPILATION_CONDITIONS = "DEBUG $(inherited)";
				SWIFT_OPTIMIZATION_LEVEL = "-Onone";
			};
			name = Debug;
		};
		962240752D37913B0013FFA9 /* Release */ = {
			isa = XCBuildConfiguration;
			buildSettings = {
				ALWAYS_SEARCH_USER_PATHS = NO;
				ASSETCATALOG_COMPILER_GENERATE_SWIFT_ASSET_SYMBOL_EXTENSIONS = YES;
				CLANG_ANALYZER_NONNULL = YES;
				CLANG_ANALYZER_NUMBER_OBJECT_CONVERSION = YES_AGGRESSIVE;
				CLANG_CXX_LANGUAGE_STANDARD = "gnu++20";
				CLANG_ENABLE_MODULES = YES;
				CLANG_ENABLE_OBJC_ARC = YES;
				CLANG_ENABLE_OBJC_WEAK = YES;
				CLANG_WARN_BLOCK_CAPTURE_AUTORELEASING = YES;
				CLANG_WARN_BOOL_CONVERSION = YES;
				CLANG_WARN_COMMA = YES;
				CLANG_WARN_CONSTANT_CONVERSION = YES;
				CLANG_WARN_DEPRECATED_OBJC_IMPLEMENTATIONS = YES;
				CLANG_WARN_DIRECT_OBJC_ISA_USAGE = YES_ERROR;
				CLANG_WARN_DOCUMENTATION_COMMENTS = YES;
				CLANG_WARN_EMPTY_BODY = YES;
				CLANG_WARN_ENUM_CONVERSION = YES;
				CLANG_WARN_INFINITE_RECURSION = YES;
				CLANG_WARN_INT_CONVERSION = YES;
				CLANG_WARN_NON_LITERAL_NULL_CONVERSION = YES;
				CLANG_WARN_OBJC_IMPLICIT_RETAIN_SELF = YES;
				CLANG_WARN_OBJC_LITERAL_CONVERSION = YES;
				CLANG_WARN_OBJC_ROOT_CLASS = YES_ERROR;
				CLANG_WARN_QUOTED_INCLUDE_IN_FRAMEWORK_HEADER = YES;
				CLANG_WARN_RANGE_LOOP_ANALYSIS = YES;
				CLANG_WARN_STRICT_PROTOTYPES = YES;
				CLANG_WARN_SUSPICIOUS_MOVE = YES;
				CLANG_WARN_UNGUARDED_AVAILABILITY = YES_AGGRESSIVE;
				CLANG_WARN_UNREACHABLE_CODE = YES;
				CLANG_WARN__DUPLICATE_METHOD_MATCH = YES;
				COPY_PHASE_STRIP = NO;
				DEBUG_INFORMATION_FORMAT = "dwarf-with-dsym";
				ENABLE_NS_ASSERTIONS = NO;
				ENABLE_STRICT_OBJC_MSGSEND = YES;
				ENABLE_USER_SCRIPT_SANDBOXING = YES;
				GCC_C_LANGUAGE_STANDARD = gnu17;
				GCC_NO_COMMON_BLOCKS = YES;
				GCC_WARN_64_TO_32_BIT_CONVERSION = YES;
				GCC_WARN_ABOUT_RETURN_TYPE = YES_ERROR;
				GCC_WARN_UNDECLARED_SELECTOR = YES;
				GCC_WARN_UNINITIALIZED_AUTOS = YES_AGGRESSIVE;
				GCC_WARN_UNUSED_FUNCTION = YES;
				GCC_WARN_UNUSED_VARIABLE = YES;
				LOCALIZATION_PREFERS_STRING_CATALOGS = YES;
				MACOSX_DEPLOYMENT_TARGET = 15.0;
				MTL_ENABLE_DEBUG_INFO = NO;
				MTL_FAST_MATH = YES;
				SDKROOT = macosx;
				SWIFT_COMPILATION_MODE = wholemodule;
			};
			name = Release;
		};
		962240772D37913B0013FFA9 /* Debug */ = {
			isa = XCBuildConfiguration;
			buildSettings = {
				ASSETCATALOG_COMPILER_APPICON_NAME = AppIcon;
				ASSETCATALOG_COMPILER_GLOBAL_ACCENT_COLOR_NAME = AccentColor;
				CODE_SIGN_ENTITLEMENTS = macOSDemos/macOSDemos.entitlements;
				CODE_SIGN_STYLE = Automatic;
				COMBINE_HIDPI_IMAGES = YES;
				CURRENT_PROJECT_VERSION = 1;
				DEVELOPMENT_ASSET_PATHS = "\"macOSDemos/Preview Content\"";
				DEVELOPMENT_TEAM = Z5RJ99BFF2;
				ENABLE_HARDENED_RUNTIME = YES;
				ENABLE_PREVIEWS = YES;
				GENERATE_INFOPLIST_FILE = YES;
				INFOPLIST_KEY_NSHumanReadableCopyright = "";
				LD_RUNPATH_SEARCH_PATHS = (
					"$(inherited)",
					"@executable_path/../Frameworks",
				);
				MARKETING_VERSION = 1.0;
				PRODUCT_BUNDLE_IDENTIFIER = nanachi.playground.macOSDemos;
				PRODUCT_NAME = "$(TARGET_NAME)";
				SWIFT_EMIT_LOC_STRINGS = YES;
				SWIFT_VERSION = 5.0;
			};
			name = Debug;
		};
		962240782D37913B0013FFA9 /* Release */ = {
			isa = XCBuildConfiguration;
			buildSettings = {
				ASSETCATALOG_COMPILER_APPICON_NAME = AppIcon;
				ASSETCATALOG_COMPILER_GLOBAL_ACCENT_COLOR_NAME = AccentColor;
				CODE_SIGN_ENTITLEMENTS = macOSDemos/macOSDemos.entitlements;
				CODE_SIGN_STYLE = Automatic;
				COMBINE_HIDPI_IMAGES = YES;
				CURRENT_PROJECT_VERSION = 1;
				DEVELOPMENT_ASSET_PATHS = "\"macOSDemos/Preview Content\"";
				DEVELOPMENT_TEAM = Z5RJ99BFF2;
				ENABLE_HARDENED_RUNTIME = YES;
				ENABLE_PREVIEWS = YES;
				GENERATE_INFOPLIST_FILE = YES;
				INFOPLIST_KEY_NSHumanReadableCopyright = "";
				LD_RUNPATH_SEARCH_PATHS = (
					"$(inherited)",
					"@executable_path/../Frameworks",
				);
				MARKETING_VERSION = 1.0;
				PRODUCT_BUNDLE_IDENTIFIER = nanachi.playground.macOSDemos;
				PRODUCT_NAME = "$(TARGET_NAME)";
				SWIFT_EMIT_LOC_STRINGS = YES;
				SWIFT_VERSION = 5.0;
			};
			name = Release;
		};
		9622407A2D37913B0013FFA9 /* Debug */ = {
			isa = XCBuildConfiguration;
			buildSettings = {
				BUNDLE_LOADER = "$(TEST_HOST)";
				CODE_SIGN_STYLE = Automatic;
				CURRENT_PROJECT_VERSION = 1;
				DEVELOPMENT_TEAM = Z5RJ99BFF2;
				GENERATE_INFOPLIST_FILE = YES;
				MACOSX_DEPLOYMENT_TARGET = 15.0;
				MARKETING_VERSION = 1.0;
				PRODUCT_BUNDLE_IDENTIFIER = nanachi.playground.macOSDemosTests;
				PRODUCT_NAME = "$(TARGET_NAME)";
				SWIFT_EMIT_LOC_STRINGS = NO;
				SWIFT_VERSION = 5.0;
				TEST_HOST = "$(BUILT_PRODUCTS_DIR)/macOSDemos.app/$(BUNDLE_EXECUTABLE_FOLDER_PATH)/macOSDemos";
			};
			name = Debug;
		};
		9622407B2D37913B0013FFA9 /* Release */ = {
			isa = XCBuildConfiguration;
			buildSettings = {
				BUNDLE_LOADER = "$(TEST_HOST)";
				CODE_SIGN_STYLE = Automatic;
				CURRENT_PROJECT_VERSION = 1;
				DEVELOPMENT_TEAM = Z5RJ99BFF2;
				GENERATE_INFOPLIST_FILE = YES;
				MACOSX_DEPLOYMENT_TARGET = 15.0;
				MARKETING_VERSION = 1.0;
				PRODUCT_BUNDLE_IDENTIFIER = nanachi.playground.macOSDemosTests;
				PRODUCT_NAME = "$(TARGET_NAME)";
				SWIFT_EMIT_LOC_STRINGS = NO;
				SWIFT_VERSION = 5.0;
				TEST_HOST = "$(BUILT_PRODUCTS_DIR)/macOSDemos.app/$(BUNDLE_EXECUTABLE_FOLDER_PATH)/macOSDemos";
			};
			name = Release;
		};
		9622407D2D37913B0013FFA9 /* Debug */ = {
			isa = XCBuildConfiguration;
			buildSettings = {
				CODE_SIGN_STYLE = Automatic;
				CURRENT_PROJECT_VERSION = 1;
				DEVELOPMENT_TEAM = Z5RJ99BFF2;
				GENERATE_INFOPLIST_FILE = YES;
				MARKETING_VERSION = 1.0;
				PRODUCT_BUNDLE_IDENTIFIER = nanachi.playground.macOSDemosUITests;
				PRODUCT_NAME = "$(TARGET_NAME)";
				SWIFT_EMIT_LOC_STRINGS = NO;
				SWIFT_VERSION = 5.0;
				TEST_TARGET_NAME = macOSDemos;
			};
			name = Debug;
		};
		9622407E2D37913B0013FFA9 /* Release */ = {
			isa = XCBuildConfiguration;
			buildSettings = {
				CODE_SIGN_STYLE = Automatic;
				CURRENT_PROJECT_VERSION = 1;
				DEVELOPMENT_TEAM = Z5RJ99BFF2;
				GENERATE_INFOPLIST_FILE = YES;
				MARKETING_VERSION = 1.0;
				PRODUCT_BUNDLE_IDENTIFIER = nanachi.playground.macOSDemosUITests;
				PRODUCT_NAME = "$(TARGET_NAME)";
				SWIFT_EMIT_LOC_STRINGS = NO;
				SWIFT_VERSION = 5.0;
				TEST_TARGET_NAME = macOSDemos;
			};
			name = Release;
		};
/* End XCBuildConfiguration section */

/* Begin XCConfigurationList section */
		9622404C2D37913A0013FFA9 /* Build configuration list for PBXProject "macOSDemos" */ = {
			isa = XCConfigurationList;
			buildConfigurations = (
				962240742D37913B0013FFA9 /* Debug */,
				962240752D37913B0013FFA9 /* Release */,
			);
			defaultConfigurationIsVisible = 0;
			defaultConfigurationName = Release;
		};
		962240762D37913B0013FFA9 /* Build configuration list for PBXNativeTarget "macOSDemos" */ = {
			isa = XCConfigurationList;
			buildConfigurations = (
				962240772D37913B0013FFA9 /* Debug */,
				962240782D37913B0013FFA9 /* Release */,
			);
			defaultConfigurationIsVisible = 0;
			defaultConfigurationName = Release;
		};
		962240792D37913B0013FFA9 /* Build configuration list for PBXNativeTarget "macOSDemosTests" */ = {
			isa = XCConfigurationList;
			buildConfigurations = (
				9622407A2D37913B0013FFA9 /* Debug */,
				9622407B2D37913B0013FFA9 /* Release */,
			);
			defaultConfigurationIsVisible = 0;
			defaultConfigurationName = Release;
		};
		9622407C2D37913B0013FFA9 /* Build configuration list for PBXNativeTarget "macOSDemosUITests" */ = {
			isa = XCConfigurationList;
			buildConfigurations = (
				9622407D2D37913B0013FFA9 /* Debug */,
				9622407E2D37913B0013FFA9 /* Release */,
			);
			defaultConfigurationIsVisible = 0;
			defaultConfigurationName = Release;
		};
/* End XCConfigurationList section */
	};
	rootObject = 962240492D37913A0013FFA9 /* Project object */;
}
